// !$*UTF8*$!
{
	archiveVersion = 1;
	classes = {
	};
	objectVersion = 50;
	objects = {

/* Begin PBXBuildFile section */
		2341C9F5252C5A9600E7CCA0 /* AppDelegate.swift in Sources */ = {isa = PBXBuildFile; fileRef = 2341C9F4252C5A9600E7CCA0 /* AppDelegate.swift */; };
		2341C9F7252C5A9600E7CCA0 /* SceneDelegate.swift in Sources */ = {isa = PBXBuildFile; fileRef = 2341C9F6252C5A9600E7CCA0 /* SceneDelegate.swift */; };
		2341C9F9252C5A9600E7CCA0 /* ViewController.swift in Sources */ = {isa = PBXBuildFile; fileRef = 2341C9F8252C5A9600E7CCA0 /* ViewController.swift */; };
		2341C9FC252C5A9600E7CCA0 /* Main.storyboard in Resources */ = {isa = PBXBuildFile; fileRef = 2341C9FA252C5A9600E7CCA0 /* Main.storyboard */; };
		2341C9FE252C5A9A00E7CCA0 /* Assets.xcassets in Resources */ = {isa = PBXBuildFile; fileRef = 2341C9FD252C5A9A00E7CCA0 /* Assets.xcassets */; };
		2341CA01252C5A9A00E7CCA0 /* LaunchScreen.storyboard in Resources */ = {isa = PBXBuildFile; fileRef = 2341C9FF252C5A9A00E7CCA0 /* LaunchScreen.storyboard */; };
/* End PBXBuildFile section */

/* Begin PBXFileReference section */
		2341C9F1252C5A9600E7CCA0 /* AlmullaDemoApp.app */ = {isa = PBXFileReference; explicitFileType = wrapper.application; includeInIndex = 0; path = AlmullaDemoApp.app; sourceTree = BUILT_PRODUCTS_DIR; };
		2341C9F4252C5A9600E7CCA0 /* AppDelegate.swift */ = {isa = PBXFileReference; lastKnownFileType = sourcecode.swift; path = AppDelegate.swift; sourceTree = "<group>"; };
		2341C9F6252C5A9600E7CCA0 /* SceneDelegate.swift */ = {isa = PBXFileReference; lastKnownFileType = sourcecode.swift; path = SceneDelegate.swift; sourceTree = "<group>"; };
		2341C9F8252C5A9600E7CCA0 /* ViewController.swift */ = {isa = PBXFileReference; lastKnownFileType = sourcecode.swift; path = ViewController.swift; sourceTree = "<group>"; };
		2341C9FB252C5A9600E7CCA0 /* Base */ = {isa = PBXFileReference; lastKnownFileType = file.storyboard; name = Base; path = Base.lproj/Main.storyboard; sourceTree = "<group>"; };
		2341C9FD252C5A9A00E7CCA0 /* Assets.xcassets */ = {isa = PBXFileReference; lastKnownFileType = folder.assetcatalog; path = Assets.xcassets; sourceTree = "<group>"; };
		2341CA00252C5A9A00E7CCA0 /* Base */ = {isa = PBXFileReference; lastKnownFileType = file.storyboard; name = Base; path = Base.lproj/LaunchScreen.storyboard; sourceTree = "<group>"; };
		2341CA02252C5A9A00E7CCA0 /* Info.plist */ = {isa = PBXFileReference; lastKnownFileType = text.plist.xml; path = Info.plist; sourceTree = "<group>"; };
/* End PBXFileReference section */

/* Begin PBXFrameworksBuildPhase section */
		2341C9EE252C5A9600E7CCA0 /* Frameworks */ = {
			isa = PBXFrameworksBuildPhase;
			buildActionMask = 2147483647;
			files = (
			);
			runOnlyForDeploymentPostprocessing = 0;
		};
/* End PBXFrameworksBuildPhase section */

/* Begin PBXGroup section */
		2341C9E8252C5A9600E7CCA0 = {
			isa = PBXGroup;
			children = (
				2341C9F3252C5A9600E7CCA0 /* AlmullaDemoApp */,
				2341C9F2252C5A9600E7CCA0 /* Products */,
			);
			sourceTree = "<group>";
		};
		2341C9F2252C5A9600E7CCA0 /* Products */ = {
			isa = PBXGroup;
			children = (
				2341C9F1252C5A9600E7CCA0 /* AlmullaDemoApp.app */,
			);
			name = Products;
			sourceTree = "<group>";
		};
		2341C9F3252C5A9600E7CCA0 /* AlmullaDemoApp */ = {
			isa = PBXGroup;
			children = (
				2341C9F4252C5A9600E7CCA0 /* AppDelegate.swift */,
				2341C9F6252C5A9600E7CCA0 /* SceneDelegate.swift */,
				2341C9F8252C5A9600E7CCA0 /* ViewController.swift */,
				2341C9FA252C5A9600E7CCA0 /* Main.storyboard */,
				2341C9FD252C5A9A00E7CCA0 /* Assets.xcassets */,
				2341C9FF252C5A9A00E7CCA0 /* LaunchScreen.storyboard */,
				2341CA02252C5A9A00E7CCA0 /* Info.plist */,
			);
			path = AlmullaDemoApp;
			sourceTree = "<group>";
		};
/* End PBXGroup section */

/* Begin PBXNativeTarget section */
		2341C9F0252C5A9600E7CCA0 /* AlmullaDemoApp */ = {
			isa = PBXNativeTarget;
			buildConfigurationList = 2341CA05252C5A9A00E7CCA0 /* Build configuration list for PBXNativeTarget "AlmullaDemoApp" */;
			buildPhases = (
				2341C9ED252C5A9600E7CCA0 /* Sources */,
				2341C9EE252C5A9600E7CCA0 /* Frameworks */,
				2341C9EF252C5A9600E7CCA0 /* Resources */,
			);
			buildRules = (
			);
			dependencies = (
			);
			name = AlmullaDemoApp;
			productName = AlmullaDemoApp;
			productReference = 2341C9F1252C5A9600E7CCA0 /* AlmullaDemoApp.app */;
			productType = "com.apple.product-type.application";
		};
/* End PBXNativeTarget section */

/* Begin PBXProject section */
		2341C9E9252C5A9600E7CCA0 /* Project object */ = {
			isa = PBXProject;
			attributes = {
				LastSwiftUpdateCheck = 1160;
				LastUpgradeCheck = 1160;
				ORGANIZATIONNAME = "Ashwini Apurkar";
				TargetAttributes = {
					2341C9F0252C5A9600E7CCA0 = {
						CreatedOnToolsVersion = 11.6;
					};
				};
			};
			buildConfigurationList = 2341C9EC252C5A9600E7CCA0 /* Build configuration list for PBXProject "AlmullaDemoApp" */;
			compatibilityVersion = "Xcode 9.3";
			developmentRegion = en;
			hasScannedForEncodings = 0;
			knownRegions = (
				en,
				Base,
			);
			mainGroup = 2341C9E8252C5A9600E7CCA0;
			productRefGroup = 2341C9F2252C5A9600E7CCA0 /* Products */;
			projectDirPath = "";
			projectRoot = "";
			targets = (
				2341C9F0252C5A9600E7CCA0 /* AlmullaDemoApp */,
			);
		};
/* End PBXProject section */

/* Begin PBXResourcesBuildPhase section */
		2341C9EF252C5A9600E7CCA0 /* Resources */ = {
			isa = PBXResourcesBuildPhase;
			buildActionMask = 2147483647;
			files = (
				2341CA01252C5A9A00E7CCA0 /* LaunchScreen.storyboard in Resources */,
				2341C9FE252C5A9A00E7CCA0 /* Assets.xcassets in Resources */,
				2341C9FC252C5A9600E7CCA0 /* Main.storyboard in Resources */,
			);
			runOnlyForDeploymentPostprocessing = 0;
		};
/* End PBXResourcesBuildPhase section */

/* Begin PBXSourcesBuildPhase section */
		2341C9ED252C5A9600E7CCA0 /* Sources */ = {
			isa = PBXSourcesBuildPhase;
			buildActionMask = 2147483647;
			files = (
				2341C9F9252C5A9600E7CCA0 /* ViewController.swift in Sources */,
				2341C9F5252C5A9600E7CCA0 /* AppDelegate.swift in Sources */,
				2341C9F7252C5A9600E7CCA0 /* SceneDelegate.swift in Sources */,
			);
			runOnlyForDeploymentPostprocessing = 0;
		};
/* End PBXSourcesBuildPhase section */

/* Begin PBXVariantGroup section */
		2341C9FA252C5A9600E7CCA0 /* Main.storyboard */ = {
			isa = PBXVariantGroup;
			children = (
				2341C9FB252C5A9600E7CCA0 /* Base */,
			);
			name = Main.storyboard;
			sourceTree = "<group>";
		};
		2341C9FF252C5A9A00E7CCA0 /* LaunchScreen.storyboard */ = {
			isa = PBXVariantGroup;
			children = (
				2341CA00252C5A9A00E7CCA0 /* Base */,
			);
			name = LaunchScreen.storyboard;
			sourceTree = "<group>";
		};
/* End PBXVariantGroup section */

/* Begin XCBuildConfiguration section */
		2341CA03252C5A9A00E7CCA0 /* Debug */ = {
			isa = XCBuildConfiguration;
			buildSettings = {
				ALWAYS_SEARCH_USER_PATHS = NO;
				CLANG_ANALYZER_NONNULL = YES;
				CLANG_ANALYZER_NUMBER_OBJECT_CONVERSION = YES_AGGRESSIVE;
				CLANG_CXX_LANGUAGE_STANDARD = "gnu++14";
				CLANG_CXX_LIBRARY = "libc++";
				CLANG_ENABLE_MODULES = YES;
				CLANG_ENABLE_OBJC_ARC = YES;
				CLANG_ENABLE_OBJC_WEAK = YES;
				CLANG_WARN_BLOCK_CAPTURE_AUTORELEASING = YES;
				CLANG_WARN_BOOL_CONVERSION = YES;
				CLANG_WARN_COMMA = YES;
				CLANG_WARN_CONSTANT_CONVERSION = YES;
				CLANG_WARN_DEPRECATED_OBJC_IMPLEMENTATIONS = YES;
				CLANG_WARN_DIRECT_OBJC_ISA_USAGE = YES_ERROR;
				CLANG_WARN_DOCUMENTATION_COMMENTS = YES;
				CLANG_WARN_EMPTY_BODY = YES;
				CLANG_WARN_ENUM_CONVERSION = YES;
				CLANG_WARN_INFINITE_RECURSION = YES;
				CLANG_WARN_INT_CONVERSION = YES;
				CLANG_WARN_NON_LITERAL_NULL_CONVERSION = YES;
				CLANG_WARN_OBJC_IMPLICIT_RETAIN_SELF = YES;
				CLANG_WARN_OBJC_LITERAL_CONVERSION = YES;
				CLANG_WARN_OBJC_ROOT_CLASS = YES_ERROR;
				CLANG_WARN_RANGE_LOOP_ANALYSIS = YES;
				CLANG_WARN_STRICT_PROTOTYPES = YES;
				CLANG_WARN_SUSPICIOUS_MOVE = YES;
				CLANG_WARN_UNGUARDED_AVAILABILITY = YES_AGGRESSIVE;
				CLANG_WARN_UNREACHABLE_CODE = YES;
				CLANG_WARN__DUPLICATE_METHOD_MATCH = YES;
				COPY_PHASE_STRIP = NO;
				DEBUG_INFORMATION_FORMAT = dwarf;
				ENABLE_STRICT_OBJC_MSGSEND = YES;
				ENABLE_TESTABILITY = YES;
				GCC_C_LANGUAGE_STANDARD = gnu11;
				GCC_DYNAMIC_NO_PIC = NO;
				GCC_NO_COMMON_BLOCKS = YES;
				GCC_OPTIMIZATION_LEVEL = 0;
				GCC_PREPROCESSOR_DEFINITIONS = (
					"DEBUG=1",
					"$(inherited)",
				);
				GCC_WARN_64_TO_32_BIT_CONVERSION = YES;
				GCC_WARN_ABOUT_RETURN_TYPE = YES_ERROR;
				GCC_WARN_UNDECLARED_SELECTOR = YES;
				GCC_WARN_UNINITIALIZED_AUTOS = YES_AGGRESSIVE;
				GCC_WARN_UNUSED_FUNCTION = YES;
				GCC_WARN_UNUSED_VARIABLE = YES;
				IPHONEOS_DEPLOYMENT_TARGET = 13.6;
				MTL_ENABLE_DEBUG_INFO = INCLUDE_SOURCE;
				MTL_FAST_MATH = YES;
				ONLY_ACTIVE_ARCH = YES;
				SDKROOT = iphoneos;
				SWIFT_ACTIVE_COMPILATION_CONDITIONS = DEBUG;
				SWIFT_OPTIMIZATION_LEVEL = "-Onone";
			};
			name = Debug;
		};
		2341CA04252C5A9A00E7CCA0 /* Release */ = {
			isa = XCBuildConfiguration;
			buildSettings = {
				ALWAYS_SEARCH_USER_PATHS = NO;
				CLANG_ANALYZER_NONNULL = YES;
				CLANG_ANALYZER_NUMBER_OBJECT_CONVERSION = YES_AGGRESSIVE;
				CLANG_CXX_LANGUAGE_STANDARD = "gnu++14";
				CLANG_CXX_LIBRARY = "libc++";
				CLANG_ENABLE_MODULES = YES;
				CLANG_ENABLE_OBJC_ARC = YES;
				CLANG_ENABLE_OBJC_WEAK = YES;
				CLANG_WARN_BLOCK_CAPTURE_AUTORELEASING = YES;
				CLANG_WARN_BOOL_CONVERSION = YES;
				CLANG_WARN_COMMA = YES;
				CLANG_WARN_CONSTANT_CONVERSION = YES;
				CLANG_WARN_DEPRECATED_OBJC_IMPLEMENTATIONS = YES;
				CLANG_WARN_DIRECT_OBJC_ISA_USAGE = YES_ERROR;
				CLANG_WARN_DOCUMENTATION_COMMENTS = YES;
				CLANG_WARN_EMPTY_BODY = YES;
				CLANG_WARN_ENUM_CONVERSION = YES;
				CLANG_WARN_INFINITE_RECURSION = YES;
				CLANG_WARN_INT_CONVERSION = YES;
				CLANG_WARN_NON_LITERAL_NULL_CONVERSION = YES;
				CLANG_WARN_OBJC_IMPLICIT_RETAIN_SELF = YES;
				CLANG_WARN_OBJC_LITERAL_CONVERSION = YES;
				CLANG_WARN_OBJC_ROOT_CLASS = YES_ERROR;
				CLANG_WARN_RANGE_LOOP_ANALYSIS = YES;
				CLANG_WARN_STRICT_PROTOTYPES = YES;
				CLANG_WARN_SUSPICIOUS_MOVE = YES;
				CLANG_WARN_UNGUARDED_AVAILABILITY = YES_AGGRESSIVE;
				CLANG_WARN_UNREACHABLE_CODE = YES;
				CLANG_WARN__DUPLICATE_METHOD_MATCH = YES;
				COPY_PHASE_STRIP = NO;
				DEBUG_INFORMATION_FORMAT = "dwarf-with-dsym";
				ENABLE_NS_ASSERTIONS = NO;
				ENABLE_STRICT_OBJC_MSGSEND = YES;
				GCC_C_LANGUAGE_STANDARD = gnu11;
				GCC_NO_COMMON_BLOCKS = YES;
				GCC_WARN_64_TO_32_BIT_CONVERSION = YES;
				GCC_WARN_ABOUT_RETURN_TYPE = YES_ERROR;
				GCC_WARN_UNDECLARED_SELECTOR = YES;
				GCC_WARN_UNINITIALIZED_AUTOS = YES_AGGRESSIVE;
				GCC_WARN_UNUSED_FUNCTION = YES;
				GCC_WARN_UNUSED_VARIABLE = YES;
				IPHONEOS_DEPLOYMENT_TARGET = 13.6;
				MTL_ENABLE_DEBUG_INFO = NO;
				MTL_FAST_MATH = YES;
				SDKROOT = iphoneos;
				SWIFT_COMPILATION_MODE = wholemodule;
				SWIFT_OPTIMIZATION_LEVEL = "-O";
				VALIDATE_PRODUCT = YES;
			};
			name = Release;
		};
		2341CA06252C5A9A00E7CCA0 /* Debug */ = {
			isa = XCBuildConfiguration;
			buildSettings = {
				ASSETCATALOG_COMPILER_APPICON_NAME = AppIcon;
				CODE_SIGN_STYLE = Automatic;
				DEVELOPMENT_TEAM = 4H8A83QQEE;
				INFOPLIST_FILE = AlmullaDemoApp/Info.plist;
				LD_RUNPATH_SEARCH_PATHS = (
					"$(inherited)",
					"@executable_path/Frameworks",
				);
				PRODUCT_BUNDLE_IDENTIFIER = ashwini.AlmullaDemoApp;
				PRODUCT_NAME = "$(TARGET_NAME)";
				SWIFT_VERSION = 5.0;
				TARGETED_DEVICE_FAMILY = "1,2";
			};
			name = Debug;
		};
		2341CA07252C5A9A00E7CCA0 /* Release */ = {
			isa = XCBuildConfiguration;
			buildSettings = {
				ASSETCATALOG_COMPILER_APPICON_NAME = AppIcon;
				CODE_SIGN_STYLE = Automatic;
				DEVELOPMENT_TEAM = 4H8A83QQEE;
				INFOPLIST_FILE = AlmullaDemoApp/Info.plist;
				LD_RUNPATH_SEARCH_PATHS = (
					"$(inherited)",
					"@executable_path/Frameworks",
				);
				PRODUCT_BUNDLE_IDENTIFIER = ashwini.AlmullaDemoApp;
				PRODUCT_NAME = "$(TARGET_NAME)";
				SWIFT_VERSION = 5.0;
				TARGETED_DEVICE_FAMILY = "1,2";
			};
			name = Release;
		};
/* End XCBuildConfiguration section */

/* Begin XCConfigurationList section */
		2341C9EC252C5A9600E7CCA0 /* Build configuration list for PBXProject "AlmullaDemoApp" */ = {
			isa = XCConfigurationList;
			buildConfigurations = (
				2341CA03252C5A9A00E7CCA0 /* Debug */,
				2341CA04252C5A9A00E7CCA0 /* Release */,
			);
			defaultConfigurationIsVisible = 0;
			defaultConfigurationName = Release;
		};
		2341CA05252C5A9A00E7CCA0 /* Build configuration list for PBXNativeTarget "AlmullaDemoApp" */ = {
			isa = XCConfigurationList;
			buildConfigurations = (
				2341CA06252C5A9A00E7CCA0 /* Debug */,
				2341CA07252C5A9A00E7CCA0 /* Release */,
			);
			defaultConfigurationIsVisible = 0;
			defaultConfigurationName = Release;
		};
/* End XCConfigurationList section */
	};
	rootObject = 2341C9E9252C5A9600E7CCA0 /* Project object */;
}
